
Microsoft Visual Studio Solution File, Format Version 12.00
Project("{FAE04EC0-301F-11D3-BF4B-00C04F79EFBC}") = "Core", "Core\Core.csproj", "{76EC7B3E-7CF0-4386-ADD7-4131085574A4}"
EndProject
Project("{FAE04EC0-301F-11D3-BF4B-00C04F79EFBC}") = "Gui", "Gui\Gui.csproj", "{95DCD0FA-C1BB-496B-BF1A-2645BF07467A}"
EndProject
Project("{FAE04EC0-301F-11D3-BF4B-00C04F79EFBC}") = "Infrastructure", "Infrastructure\Infrastructure.csproj", "{9A7FCE28-5A23-4D2A-A413-E58F0AB11057}"
EndProject
Global
	GlobalSection(SolutionConfigurationPlatforms) = preSolution
		Debug|Any CPU = Debug|Any CPU
		Release|Any CPU = Release|Any CPU
	EndGlobalSection
	GlobalSection(ProjectConfigurationPlatforms) = postSolution
		{76EC7B3E-7CF0-4386-ADD7-4131085574A4}.Debug|Any CPU.ActiveCfg = Debug|Any CPU
		{76EC7B3E-7CF0-4386-ADD7-4131085574A4}.Debug|Any CPU.Build.0 = Debug|Any CPU
		{76EC7B3E-7CF0-4386-ADD7-4131085574A4}.Release|Any CPU.ActiveCfg = Release|Any CPU
		{76EC7B3E-7CF0-4386-ADD7-4131085574A4}.Release|Any CPU.Build.0 = Release|Any CPU
		{95DCD0FA-C1BB-496B-BF1A-2645BF07467A}.Debug|Any CPU.ActiveCfg = Debug|Any CPU
		{95DCD0FA-C1BB-496B-BF1A-2645BF07467A}.Debug|Any CPU.Build.0 = Debug|Any CPU
		{95DCD0FA-C1BB-496B-BF1A-2645BF07467A}.Release|Any CPU.ActiveCfg = Release|Any CPU
		{95DCD0FA-C1BB-496B-BF1A-2645BF07467A}.Release|Any CPU.Build.0 = Release|Any CPU
		{9A7FCE28-5A23-4D2A-A413-E58F0AB11057}.Debug|Any CPU.ActiveCfg = Debug|Any CPU
		{9A7FCE28-5A23-4D2A-A413-E58F0AB11057}.Debug|Any CPU.Build.0 = Debug|Any CPU
		{9A7FCE28-5A23-4D2A-A413-E58F0AB11057}.Release|Any CPU.ActiveCfg = Release|Any CPU
		{9A7FCE28-5A23-4D2A-A413-E58F0AB11057}.Release|Any CPU.Build.0 = Release|Any CPU
	EndGlobalSection
EndGlobal
